
Microsoft Visual Studio Solution File, Format Version 12.00
# Visual Studio Version 17
VisualStudioVersion = 17.6.33801.468
MinimumVisualStudioVersion = 10.0.40219.1
Project("{FAE04EC0-301F-11D3-BF4B-00C04F79EFBC}") = "crud_usuario", "crud_usuario.csproj", "{D9DDA82A-7101-4EAE-BAF2-FC1781B36D97}"
EndProject
Global
	GlobalSection(SolutionConfigurationPlatforms) = preSolution
		Debug|Any CPU = Debug|Any CPU
		Release|Any CPU = Release|Any CPU
	EndGlobalSection
	GlobalSection(ProjectConfigurationPlatforms) = postSolution
		{D9DDA82A-7101-4EAE-BAF2-FC1781B36D97}.Debug|Any CPU.ActiveCfg = Debug|Any CPU
		{D9DDA82A-7101-4EAE-BAF2-FC1781B36D97}.Debug|Any CPU.Build.0 = Debug|Any CPU
		{D9DDA82A-7101-4EAE-BAF2-FC1781B36D97}.Release|Any CPU.ActiveCfg = Release|Any CPU
		{D9DDA82A-7101-4EAE-BAF2-FC1781B36D97}.Release|Any CPU.Build.0 = Release|Any CPU
	EndGlobalSection
	GlobalSection(SolutionProperties) = preSolution
		HideSolutionNode = FALSE
	EndGlobalSection
	GlobalSection(ExtensibilityGlobals) = postSolution
		SolutionGuid = {011EC7E0-0FD4-451B-B555-E8F22CA06180}
	EndGlobalSection
EndGlobal
